// !$*UTF8*$!
{
	archiveVersion = 1;
	classes = {
	};
	objectVersion = 48;
	objects = {

/* Begin PBXBuildFile section */
		ED793FCD2153C73D0088091C /* AppDelegate.swift in Sources */ = {isa = PBXBuildFile; fileRef = ED793FCC2153C73D0088091C /* AppDelegate.swift */; };
		ED793FD22153C73E0088091C /* Main.storyboard in Resources */ = {isa = PBXBuildFile; fileRef = ED793FD02153C73E0088091C /* Main.storyboard */; };
		ED793FD42153C73E0088091C /* Assets.xcassets in Resources */ = {isa = PBXBuildFile; fileRef = ED793FD32153C73E0088091C /* Assets.xcassets */; };
		ED793FD72153C73E0088091C /* LaunchScreen.storyboard in Resources */ = {isa = PBXBuildFile; fileRef = ED793FD52153C73E0088091C /* LaunchScreen.storyboard */; };
		ED793FE22153D0500088091C /* MenuController.swift in Sources */ = {isa = PBXBuildFile; fileRef = ED793FE12153D0500088091C /* MenuController.swift */; };
		ED793FE42153D0A00088091C /* ALaCarteController.swift in Sources */ = {isa = PBXBuildFile; fileRef = ED793FE32153D0A00088091C /* ALaCarteController.swift */; };
		ED793FE62153D1E30088091C /* MonTabBar.swift in Sources */ = {isa = PBXBuildFile; fileRef = ED793FE52153D1E30088091C /* MonTabBar.swift */; };
		ED793FE92153D30C0088091C /* Constantes.swift in Sources */ = {isa = PBXBuildFile; fileRef = ED793FE82153D30C0088091C /* Constantes.swift */; };
		ED793FEB2153D5020088091C /* MonNav.swift in Sources */ = {isa = PBXBuildFile; fileRef = ED793FEA2153D5020088091C /* MonNav.swift */; };
		ED793FED2153EB2B0088091C /* MenuCell.swift in Sources */ = {isa = PBXBuildFile; fileRef = ED793FEC2153EB2B0088091C /* MenuCell.swift */; };
		ED793FEF2153F1160088091C /* Plat.swift in Sources */ = {isa = PBXBuildFile; fileRef = ED793FEE2153F1160088091C /* Plat.swift */; };
		ED793FF12153F2C70088091C /* Enums.swift in Sources */ = {isa = PBXBuildFile; fileRef = ED793FF02153F2C70088091C /* Enums.swift */; };
		ED793FF32153F8370088091C /* Menu.swift in Sources */ = {isa = PBXBuildFile; fileRef = ED793FF22153F8370088091C /* Menu.swift */; };
		ED793FF52153F8C80088091C /* LesPlats.swift in Sources */ = {isa = PBXBuildFile; fileRef = ED793FF42153F8C80088091C /* LesPlats.swift */; };
		ED793FF7215444150088091C /* Degrade.swift in Sources */ = {isa = PBXBuildFile; fileRef = ED793FF6215444150088091C /* Degrade.swift */; };
/* End PBXBuildFile section */

/* Begin PBXFileReference section */
		ED793FC92153C73D0088091C /* MonRestoDuMonde.app */ = {isa = PBXFileReference; explicitFileType = wrapper.application; includeInIndex = 0; path = MonRestoDuMonde.app; sourceTree = BUILT_PRODUCTS_DIR; };
		ED793FCC2153C73D0088091C /* AppDelegate.swift */ = {isa = PBXFileReference; lastKnownFileType = sourcecode.swift; path = AppDelegate.swift; sourceTree = "<group>"; };
		ED793FD12153C73E0088091C /* Base */ = {isa = PBXFileReference; lastKnownFileType = file.storyboard; name = Base; path = Base.lproj/Main.storyboard; sourceTree = "<group>"; };
		ED793FD32153C73E0088091C /* Assets.xcassets */ = {isa = PBXFileReference; lastKnownFileType = folder.assetcatalog; path = Assets.xcassets; sourceTree = "<group>"; };
		ED793FD62153C73E0088091C /* Base */ = {isa = PBXFileReference; lastKnownFileType = file.storyboard; name = Base; path = Base.lproj/LaunchScreen.storyboard; sourceTree = "<group>"; };
		ED793FD82153C73E0088091C /* Info.plist */ = {isa = PBXFileReference; lastKnownFileType = text.plist.xml; path = Info.plist; sourceTree = "<group>"; };
		ED793FE12153D0500088091C /* MenuController.swift */ = {isa = PBXFileReference; lastKnownFileType = sourcecode.swift; path = MenuController.swift; sourceTree = "<group>"; };
		ED793FE32153D0A00088091C /* ALaCarteController.swift */ = {isa = PBXFileReference; lastKnownFileType = sourcecode.swift; path = ALaCarteController.swift; sourceTree = "<group>"; };
		ED793FE52153D1E30088091C /* MonTabBar.swift */ = {isa = PBXFileReference; lastKnownFileType = sourcecode.swift; path = MonTabBar.swift; sourceTree = "<group>"; };
		ED793FE82153D30C0088091C /* Constantes.swift */ = {isa = PBXFileReference; lastKnownFileType = sourcecode.swift; path = Constantes.swift; sourceTree = "<group>"; };
		ED793FEA2153D5020088091C /* MonNav.swift */ = {isa = PBXFileReference; lastKnownFileType = sourcecode.swift; path = MonNav.swift; sourceTree = "<group>"; };
		ED793FEC2153EB2B0088091C /* MenuCell.swift */ = {isa = PBXFileReference; lastKnownFileType = sourcecode.swift; path = MenuCell.swift; sourceTree = "<group>"; };
		ED793FEE2153F1160088091C /* Plat.swift */ = {isa = PBXFileReference; lastKnownFileType = sourcecode.swift; path = Plat.swift; sourceTree = "<group>"; };
		ED793FF02153F2C70088091C /* Enums.swift */ = {isa = PBXFileReference; lastKnownFileType = sourcecode.swift; path = Enums.swift; sourceTree = "<group>"; };
		ED793FF22153F8370088091C /* Menu.swift */ = {isa = PBXFileReference; lastKnownFileType = sourcecode.swift; path = Menu.swift; sourceTree = "<group>"; };
		ED793FF42153F8C80088091C /* LesPlats.swift */ = {isa = PBXFileReference; lastKnownFileType = sourcecode.swift; path = LesPlats.swift; sourceTree = "<group>"; };
		ED793FF6215444150088091C /* Degrade.swift */ = {isa = PBXFileReference; lastKnownFileType = sourcecode.swift; path = Degrade.swift; sourceTree = "<group>"; };
/* End PBXFileReference section */

/* Begin PBXFrameworksBuildPhase section */
		ED793FC62153C73D0088091C /* Frameworks */ = {
			isa = PBXFrameworksBuildPhase;
			buildActionMask = 2147483647;
			files = (
			);
			runOnlyForDeploymentPostprocessing = 0;
		};
/* End PBXFrameworksBuildPhase section */

/* Begin PBXGroup section */
		ED793FC02153C73C0088091C = {
			isa = PBXGroup;
			children = (
				ED793FCB2153C73D0088091C /* MonRestoDuMonde */,
				ED793FCA2153C73D0088091C /* Products */,
			);
			sourceTree = "<group>";
		};
		ED793FCA2153C73D0088091C /* Products */ = {
			isa = PBXGroup;
			children = (
				ED793FC92153C73D0088091C /* MonRestoDuMonde.app */,
			);
			name = Products;
			sourceTree = "<group>";
		};
		ED793FCB2153C73D0088091C /* MonRestoDuMonde */ = {
			isa = PBXGroup;
			children = (
				ED793FE72153D2E80088091C /* Utilitaire */,
				ED793FDE2153CFC40088091C /* Modèle */,
				ED793FDF2153CFD60088091C /* Vue */,
				ED793FE02153CFE60088091C /* Controlleur */,
				ED793FCC2153C73D0088091C /* AppDelegate.swift */,
				ED793FD02153C73E0088091C /* Main.storyboard */,
				ED793FD32153C73E0088091C /* Assets.xcassets */,
				ED793FD52153C73E0088091C /* LaunchScreen.storyboard */,
				ED793FD82153C73E0088091C /* Info.plist */,
			);
			path = MonRestoDuMonde;
			sourceTree = "<group>";
		};
		ED793FDE2153CFC40088091C /* Modèle */ = {
			isa = PBXGroup;
			children = (
				ED793FF02153F2C70088091C /* Enums.swift */,
				ED793FEE2153F1160088091C /* Plat.swift */,
				ED793FF22153F8370088091C /* Menu.swift */,
				ED793FF42153F8C80088091C /* LesPlats.swift */,
			);
			name = "Modèle";
			path = "Modèle";
			sourceTree = "<group>";
		};
		ED793FDF2153CFD60088091C /* Vue */ = {
			isa = PBXGroup;
			children = (
				ED793FEC2153EB2B0088091C /* MenuCell.swift */,
				ED793FF6215444150088091C /* Degrade.swift */,
			);
			path = Vue;
			sourceTree = "<group>";
		};
		ED793FE02153CFE60088091C /* Controlleur */ = {
			isa = PBXGroup;
			children = (
				ED793FE12153D0500088091C /* MenuController.swift */,
				ED793FE32153D0A00088091C /* ALaCarteController.swift */,
				ED793FE52153D1E30088091C /* MonTabBar.swift */,
				ED793FEA2153D5020088091C /* MonNav.swift */,
			);
			path = Controlleur;
			sourceTree = "<group>";
		};
		ED793FE72153D2E80088091C /* Utilitaire */ = {
			isa = PBXGroup;
			children = (
				ED793FE82153D30C0088091C /* Constantes.swift */,
			);
			path = Utilitaire;
			sourceTree = "<group>";
		};
/* End PBXGroup section */

/* Begin PBXNativeTarget section */
		ED793FC82153C73D0088091C /* MonRestoDuMonde */ = {
			isa = PBXNativeTarget;
			buildConfigurationList = ED793FDB2153C73E0088091C /* Build configuration list for PBXNativeTarget "MonRestoDuMonde" */;
			buildPhases = (
				ED793FC52153C73D0088091C /* Sources */,
				ED793FC62153C73D0088091C /* Frameworks */,
				ED793FC72153C73D0088091C /* Resources */,
			);
			buildRules = (
			);
			dependencies = (
			);
			name = MonRestoDuMonde;
			productName = MonRestoDuMonde;
			productReference = ED793FC92153C73D0088091C /* MonRestoDuMonde.app */;
			productType = "com.apple.product-type.application";
		};
/* End PBXNativeTarget section */

/* Begin PBXProject section */
		ED793FC12153C73C0088091C /* Project object */ = {
			isa = PBXProject;
			attributes = {
				LastSwiftUpdateCheck = 0920;
				LastUpgradeCheck = 0920;
				ORGANIZATIONNAME = "Matthieu PLAINEAU";
				TargetAttributes = {
					ED793FC82153C73D0088091C = {
						CreatedOnToolsVersion = 9.2;
						ProvisioningStyle = Automatic;
					};
				};
			};
			buildConfigurationList = ED793FC42153C73C0088091C /* Build configuration list for PBXProject "MonRestoDuMonde" */;
			compatibilityVersion = "Xcode 8.0";
			developmentRegion = en;
			hasScannedForEncodings = 0;
			knownRegions = (
				en,
				Base,
			);
			mainGroup = ED793FC02153C73C0088091C;
			productRefGroup = ED793FCA2153C73D0088091C /* Products */;
			projectDirPath = "";
			projectRoot = "";
			targets = (
				ED793FC82153C73D0088091C /* MonRestoDuMonde */,
			);
		};
/* End PBXProject section */

/* Begin PBXResourcesBuildPhase section */
		ED793FC72153C73D0088091C /* Resources */ = {
			isa = PBXResourcesBuildPhase;
			buildActionMask = 2147483647;
			files = (
				ED793FD72153C73E0088091C /* LaunchScreen.storyboard in Resources */,
				ED793FD42153C73E0088091C /* Assets.xcassets in Resources */,
				ED793FD22153C73E0088091C /* Main.storyboard in Resources */,
			);
			runOnlyForDeploymentPostprocessing = 0;
		};
/* End PBXResourcesBuildPhase section */

/* Begin PBXSourcesBuildPhase section */
		ED793FC52153C73D0088091C /* Sources */ = {
			isa = PBXSourcesBuildPhase;
			buildActionMask = 2147483647;
			files = (
				ED793FED2153EB2B0088091C /* MenuCell.swift in Sources */,
				ED793FE92153D30C0088091C /* Constantes.swift in Sources */,
				ED793FE62153D1E30088091C /* MonTabBar.swift in Sources */,
				ED793FEB2153D5020088091C /* MonNav.swift in Sources */,
				ED793FF7215444150088091C /* Degrade.swift in Sources */,
				ED793FF32153F8370088091C /* Menu.swift in Sources */,
				ED793FE22153D0500088091C /* MenuController.swift in Sources */,
				ED793FF52153F8C80088091C /* LesPlats.swift in Sources */,
				ED793FCD2153C73D0088091C /* AppDelegate.swift in Sources */,
				ED793FEF2153F1160088091C /* Plat.swift in Sources */,
				ED793FF12153F2C70088091C /* Enums.swift in Sources */,
				ED793FE42153D0A00088091C /* ALaCarteController.swift in Sources */,
			);
			runOnlyForDeploymentPostprocessing = 0;
		};
/* End PBXSourcesBuildPhase section */

/* Begin PBXVariantGroup section */
		ED793FD02153C73E0088091C /* Main.storyboard */ = {
			isa = PBXVariantGroup;
			children = (
				ED793FD12153C73E0088091C /* Base */,
			);
			name = Main.storyboard;
			sourceTree = "<group>";
		};
		ED793FD52153C73E0088091C /* LaunchScreen.storyboard */ = {
			isa = PBXVariantGroup;
			children = (
				ED793FD62153C73E0088091C /* Base */,
			);
			name = LaunchScreen.storyboard;
			sourceTree = "<group>";
		};
/* End PBXVariantGroup section */

/* Begin XCBuildConfiguration section */
		ED793FD92153C73E0088091C /* Debug */ = {
			isa = XCBuildConfiguration;
			buildSettings = {
				ALWAYS_SEARCH_USER_PATHS = NO;
				CLANG_ANALYZER_NONNULL = YES;
				CLANG_ANALYZER_NUMBER_OBJECT_CONVERSION = YES_AGGRESSIVE;
				CLANG_CXX_LANGUAGE_STANDARD = "gnu++14";
				CLANG_CXX_LIBRARY = "libc++";
				CLANG_ENABLE_MODULES = YES;
				CLANG_ENABLE_OBJC_ARC = YES;
				CLANG_WARN_BLOCK_CAPTURE_AUTORELEASING = YES;
				CLANG_WARN_BOOL_CONVERSION = YES;
				CLANG_WARN_COMMA = YES;
				CLANG_WARN_CONSTANT_CONVERSION = YES;
				CLANG_WARN_DIRECT_OBJC_ISA_USAGE = YES_ERROR;
				CLANG_WARN_DOCUMENTATION_COMMENTS = YES;
				CLANG_WARN_EMPTY_BODY = YES;
				CLANG_WARN_ENUM_CONVERSION = YES;
				CLANG_WARN_INFINITE_RECURSION = YES;
				CLANG_WARN_INT_CONVERSION = YES;
				CLANG_WARN_NON_LITERAL_NULL_CONVERSION = YES;
				CLANG_WARN_OBJC_LITERAL_CONVERSION = YES;
				CLANG_WARN_OBJC_ROOT_CLASS = YES_ERROR;
				CLANG_WARN_RANGE_LOOP_ANALYSIS = YES;
				CLANG_WARN_STRICT_PROTOTYPES = YES;
				CLANG_WARN_SUSPICIOUS_MOVE = YES;
				CLANG_WARN_UNGUARDED_AVAILABILITY = YES_AGGRESSIVE;
				CLANG_WARN_UNREACHABLE_CODE = YES;
				CLANG_WARN__DUPLICATE_METHOD_MATCH = YES;
				CODE_SIGN_IDENTITY = "iPhone Developer";
				COPY_PHASE_STRIP = NO;
				DEBUG_INFORMATION_FORMAT = dwarf;
				ENABLE_STRICT_OBJC_MSGSEND = YES;
				ENABLE_TESTABILITY = YES;
				GCC_C_LANGUAGE_STANDARD = gnu11;
				GCC_DYNAMIC_NO_PIC = NO;
				GCC_NO_COMMON_BLOCKS = YES;
				GCC_OPTIMIZATION_LEVEL = 0;
				GCC_PREPROCESSOR_DEFINITIONS = (
					"DEBUG=1",
					"$(inherited)",
				);
				GCC_WARN_64_TO_32_BIT_CONVERSION = YES;
				GCC_WARN_ABOUT_RETURN_TYPE = YES_ERROR;
				GCC_WARN_UNDECLARED_SELECTOR = YES;
				GCC_WARN_UNINITIALIZED_AUTOS = YES_AGGRESSIVE;
				GCC_WARN_UNUSED_FUNCTION = YES;
				GCC_WARN_UNUSED_VARIABLE = YES;
				IPHONEOS_DEPLOYMENT_TARGET = 11.2;
				MTL_ENABLE_DEBUG_INFO = YES;
				ONLY_ACTIVE_ARCH = YES;
				SDKROOT = iphoneos;
				SWIFT_ACTIVE_COMPILATION_CONDITIONS = DEBUG;
				SWIFT_OPTIMIZATION_LEVEL = "-Onone";
			};
			name = Debug;
		};
		ED793FDA2153C73E0088091C /* Release */ = {
			isa = XCBuildConfiguration;
			buildSettings = {
				ALWAYS_SEARCH_USER_PATHS = NO;
				CLANG_ANALYZER_NONNULL = YES;
				CLANG_ANALYZER_NUMBER_OBJECT_CONVERSION = YES_AGGRESSIVE;
				CLANG_CXX_LANGUAGE_STANDARD = "gnu++14";
				CLANG_CXX_LIBRARY = "libc++";
				CLANG_ENABLE_MODULES = YES;
				CLANG_ENABLE_OBJC_ARC = YES;
				CLANG_WARN_BLOCK_CAPTURE_AUTORELEASING = YES;
				CLANG_WARN_BOOL_CONVERSION = YES;
				CLANG_WARN_COMMA = YES;
				CLANG_WARN_CONSTANT_CONVERSION = YES;
				CLANG_WARN_DIRECT_OBJC_ISA_USAGE = YES_ERROR;
				CLANG_WARN_DOCUMENTATION_COMMENTS = YES;
				CLANG_WARN_EMPTY_BODY = YES;
				CLANG_WARN_ENUM_CONVERSION = YES;
				CLANG_WARN_INFINITE_RECURSION = YES;
				CLANG_WARN_INT_CONVERSION = YES;
				CLANG_WARN_NON_LITERAL_NULL_CONVERSION = YES;
				CLANG_WARN_OBJC_LITERAL_CONVERSION = YES;
				CLANG_WARN_OBJC_ROOT_CLASS = YES_ERROR;
				CLANG_WARN_RANGE_LOOP_ANALYSIS = YES;
				CLANG_WARN_STRICT_PROTOTYPES = YES;
				CLANG_WARN_SUSPICIOUS_MOVE = YES;
				CLANG_WARN_UNGUARDED_AVAILABILITY = YES_AGGRESSIVE;
				CLANG_WARN_UNREACHABLE_CODE = YES;
				CLANG_WARN__DUPLICATE_METHOD_MATCH = YES;
				CODE_SIGN_IDENTITY = "iPhone Developer";
				COPY_PHASE_STRIP = NO;
				DEBUG_INFORMATION_FORMAT = "dwarf-with-dsym";
				ENABLE_NS_ASSERTIONS = NO;
				ENABLE_STRICT_OBJC_MSGSEND = YES;
				GCC_C_LANGUAGE_STANDARD = gnu11;
				GCC_NO_COMMON_BLOCKS = YES;
				GCC_WARN_64_TO_32_BIT_CONVERSION = YES;
				GCC_WARN_ABOUT_RETURN_TYPE = YES_ERROR;
				GCC_WARN_UNDECLARED_SELECTOR = YES;
				GCC_WARN_UNINITIALIZED_AUTOS = YES_AGGRESSIVE;
				GCC_WARN_UNUSED_FUNCTION = YES;
				GCC_WARN_UNUSED_VARIABLE = YES;
				IPHONEOS_DEPLOYMENT_TARGET = 11.2;
				MTL_ENABLE_DEBUG_INFO = NO;
				SDKROOT = iphoneos;
				SWIFT_OPTIMIZATION_LEVEL = "-Owholemodule";
				VALIDATE_PRODUCT = YES;
			};
			name = Release;
		};
		ED793FDC2153C73E0088091C /* Debug */ = {
			isa = XCBuildConfiguration;
			buildSettings = {
				ASSETCATALOG_COMPILER_APPICON_NAME = AppIcon;
				CODE_SIGN_STYLE = Automatic;
				DEVELOPMENT_TEAM = 9AMHU36X3Y;
				INFOPLIST_FILE = MonRestoDuMonde/Info.plist;
				LD_RUNPATH_SEARCH_PATHS = "$(inherited) @executable_path/Frameworks";
				PRODUCT_BUNDLE_IDENTIFIER = M.P..MonRestoDuMonde;
				PRODUCT_NAME = "$(TARGET_NAME)";
				SWIFT_VERSION = 4.0;
				TARGETED_DEVICE_FAMILY = "1,2";
			};
			name = Debug;
		};
		ED793FDD2153C73E0088091C /* Release */ = {
			isa = XCBuildConfiguration;
			buildSettings = {
				ASSETCATALOG_COMPILER_APPICON_NAME = AppIcon;
				CODE_SIGN_STYLE = Automatic;
				DEVELOPMENT_TEAM = 9AMHU36X3Y;
				INFOPLIST_FILE = MonRestoDuMonde/Info.plist;
				LD_RUNPATH_SEARCH_PATHS = "$(inherited) @executable_path/Frameworks";
				PRODUCT_BUNDLE_IDENTIFIER = M.P..MonRestoDuMonde;
				PRODUCT_NAME = "$(TARGET_NAME)";
				SWIFT_VERSION = 4.0;
				TARGETED_DEVICE_FAMILY = "1,2";
			};
			name = Release;
		};
/* End XCBuildConfiguration section */

/* Begin XCConfigurationList section */
		ED793FC42153C73C0088091C /* Build configuration list for PBXProject "MonRestoDuMonde" */ = {
			isa = XCConfigurationList;
			buildConfigurations = (
				ED793FD92153C73E0088091C /* Debug */,
				ED793FDA2153C73E0088091C /* Release */,
			);
			defaultConfigurationIsVisible = 0;
			defaultConfigurationName = Release;
		};
		ED793FDB2153C73E0088091C /* Build configuration list for PBXNativeTarget "MonRestoDuMonde" */ = {
			isa = XCConfigurationList;
			buildConfigurations = (
				ED793FDC2153C73E0088091C /* Debug */,
				ED793FDD2153C73E0088091C /* Release */,
			);
			defaultConfigurationIsVisible = 0;
			defaultConfigurationName = Release;
		};
/* End XCConfigurationList section */
	};
	rootObject = ED793FC12153C73C0088091C /* Project object */;
}
